
Microsoft Visual Studio Solution File, Format Version 12.00
# Visual Studio Version 17
VisualStudioVersion = 17.2.32328.558
MinimumVisualStudioVersion = 10.0.40219.1
Project("{FAE04EC0-301F-11D3-BF4B-00C04F79EFBC}") = "FunctionApp1", "FunctionApp1\FunctionApp1.csproj", "{B688E537-4FF1-48A0-A0BD-A3E3BA94C9D0}"
EndProject
Global
	GlobalSection(SolutionConfigurationPlatforms) = preSolution
		Debug|Any CPU = Debug|Any CPU
		Release|Any CPU = Release|Any CPU
	EndGlobalSection
	GlobalSection(ProjectConfigurationPlatforms) = postSolution
		{B688E537-4FF1-48A0-A0BD-A3E3BA94C9D0}.Debug|Any CPU.ActiveCfg = Debug|Any CPU
		{B688E537-4FF1-48A0-A0BD-A3E3BA94C9D0}.Debug|Any CPU.Build.0 = Debug|Any CPU
		{B688E537-4FF1-48A0-A0BD-A3E3BA94C9D0}.Release|Any CPU.ActiveCfg = Release|Any CPU
		{B688E537-4FF1-48A0-A0BD-A3E3BA94C9D0}.Release|Any CPU.Build.0 = Release|Any CPU
	EndGlobalSection
	GlobalSection(SolutionProperties) = preSolution
		HideSolutionNode = FALSE
	EndGlobalSection
	GlobalSection(ExtensibilityGlobals) = postSolution
		SolutionGuid = {2134421F-73F2-485D-8359-F36BB998C0C8}
	EndGlobalSection
EndGlobal
